
Microsoft Visual Studio Solution File, Format Version 12.00
# Visual Studio Version 17
VisualStudioVersion = 17.3.32922.545
MinimumVisualStudioVersion = 10.0.40219.1
Project("{FAE04EC0-301F-11D3-BF4B-00C04F79EFBC}") = "PhoneBook", "PhoneBook.csproj", "{2C0A1D51-B01D-4B90-B67C-5ECBBD05CD56}"
EndProject
Global
	GlobalSection(SolutionConfigurationPlatforms) = preSolution
		Debug|Any CPU = Debug|Any CPU
		Release|Any CPU = Release|Any CPU
	EndGlobalSection
	GlobalSection(ProjectConfigurationPlatforms) = postSolution
		{2C0A1D51-B01D-4B90-B67C-5ECBBD05CD56}.Debug|Any CPU.ActiveCfg = Debug|Any CPU
		{2C0A1D51-B01D-4B90-B67C-5ECBBD05CD56}.Debug|Any CPU.Build.0 = Debug|Any CPU
		{2C0A1D51-B01D-4B90-B67C-5ECBBD05CD56}.Release|Any CPU.ActiveCfg = Release|Any CPU
		{2C0A1D51-B01D-4B90-B67C-5ECBBD05CD56}.Release|Any CPU.Build.0 = Release|Any CPU
	EndGlobalSection
	GlobalSection(SolutionProperties) = preSolution
		HideSolutionNode = FALSE
	EndGlobalSection
	GlobalSection(ExtensibilityGlobals) = postSolution
		SolutionGuid = {6705B01F-A1C4-41B9-8EA4-388F7F63F59A}
	EndGlobalSection
EndGlobal
